
Microsoft Visual Studio Solution File, Format Version 12.00
# Visual Studio Version 16
VisualStudioVersion = 16.0.29509.3
MinimumVisualStudioVersion = 10.0.40219.1
Project("{9A19103F-16F7-4668-BE54-9A1E7A4F7556}") = "ProcessMonitor", "..\ProcessMonitor\ProcessMonitor.csproj", "{9D5A06F7-89DE-452B-81BA-74F6EF3814E4}"
EndProject
Project("{FAE04EC0-301F-11D3-BF4B-00C04F79EFBC}") = "WatchingDemon", "WatchingDemon\WatchingDemon.csproj", "{313435D4-322D-4268-9740-DEB8CCCB4673}"
EndProject
Project("{FAE04EC0-301F-11D3-BF4B-00C04F79EFBC}") = "IntelligentDemon", "IntelligentDemon\IntelligentDemon.csproj", "{6B827014-1BC0-437A-9609-3CC71577FAA9}"
EndProject
Project("{9A19103F-16F7-4668-BE54-9A1E7A4F7556}") = "PacketTrigger", "..\PacketTrigger\PacketTrigger.csproj", "{951C7FF5-09BA-4A4D-B402-6BECC058A08A}"
EndProject
Project("{FAE04EC0-301F-11D3-BF4B-00C04F79EFBC}") = "DefaultPacketTriggerPlugin", "..\DefaultPacketTriggerPlugin\DefaultPacketTriggerPlugin.csproj", "{AF995FE9-E713-40EB-8BF6-3CE8783730B0}"
EndProject
Global
	GlobalSection(SolutionConfigurationPlatforms) = preSolution
		Debug|Any CPU = Debug|Any CPU
		Release|Any CPU = Release|Any CPU
	EndGlobalSection
	GlobalSection(ProjectConfigurationPlatforms) = postSolution
		{9D5A06F7-89DE-452B-81BA-74F6EF3814E4}.Debug|Any CPU.ActiveCfg = Debug|Any CPU
		{9D5A06F7-89DE-452B-81BA-74F6EF3814E4}.Debug|Any CPU.Build.0 = Debug|Any CPU
		{9D5A06F7-89DE-452B-81BA-74F6EF3814E4}.Release|Any CPU.ActiveCfg = Release|Any CPU
		{9D5A06F7-89DE-452B-81BA-74F6EF3814E4}.Release|Any CPU.Build.0 = Release|Any CPU
		{313435D4-322D-4268-9740-DEB8CCCB4673}.Debug|Any CPU.ActiveCfg = Debug|Any CPU
		{313435D4-322D-4268-9740-DEB8CCCB4673}.Debug|Any CPU.Build.0 = Debug|Any CPU
		{313435D4-322D-4268-9740-DEB8CCCB4673}.Release|Any CPU.ActiveCfg = Release|Any CPU
		{313435D4-322D-4268-9740-DEB8CCCB4673}.Release|Any CPU.Build.0 = Release|Any CPU
		{6B827014-1BC0-437A-9609-3CC71577FAA9}.Debug|Any CPU.ActiveCfg = Debug|Any CPU
		{6B827014-1BC0-437A-9609-3CC71577FAA9}.Debug|Any CPU.Build.0 = Debug|Any CPU
		{6B827014-1BC0-437A-9609-3CC71577FAA9}.Release|Any CPU.ActiveCfg = Release|Any CPU
		{6B827014-1BC0-437A-9609-3CC71577FAA9}.Release|Any CPU.Build.0 = Release|Any CPU
		{951C7FF5-09BA-4A4D-B402-6BECC058A08A}.Debug|Any CPU.ActiveCfg = Debug|Any CPU
		{951C7FF5-09BA-4A4D-B402-6BECC058A08A}.Debug|Any CPU.Build.0 = Debug|Any CPU
		{951C7FF5-09BA-4A4D-B402-6BECC058A08A}.Release|Any CPU.ActiveCfg = Release|Any CPU
		{951C7FF5-09BA-4A4D-B402-6BECC058A08A}.Release|Any CPU.Build.0 = Release|Any CPU
		{AF995FE9-E713-40EB-8BF6-3CE8783730B0}.Debug|Any CPU.ActiveCfg = Debug|Any CPU
		{AF995FE9-E713-40EB-8BF6-3CE8783730B0}.Debug|Any CPU.Build.0 = Debug|Any CPU
		{AF995FE9-E713-40EB-8BF6-3CE8783730B0}.Release|Any CPU.ActiveCfg = Release|Any CPU
		{AF995FE9-E713-40EB-8BF6-3CE8783730B0}.Release|Any CPU.Build.0 = Release|Any CPU
	EndGlobalSection
	GlobalSection(SolutionProperties) = preSolution
		HideSolutionNode = FALSE
	EndGlobalSection
	GlobalSection(ExtensibilityGlobals) = postSolution
		SolutionGuid = {489E0321-819F-4B6C-83AE-2A678E976F38}
	EndGlobalSection
EndGlobal
